
Microsoft Visual Studio Solution File, Format Version 12.00
# Visual Studio Version 17
VisualStudioVersion = 17.3.32929.385
MinimumVisualStudioVersion = 10.0.40219.1
Project("{FAE04EC0-301F-11D3-BF4B-00C04F79EFBC}") = "hm5", "hm5\hm5.csproj", "{C9BA76F3-D332-419B-90CA-1DA5F7139616}"
EndProject
Global
	GlobalSection(SolutionConfigurationPlatforms) = preSolution
		Debug|Any CPU = Debug|Any CPU
		Release|Any CPU = Release|Any CPU
	EndGlobalSection
	GlobalSection(ProjectConfigurationPlatforms) = postSolution
		{C9BA76F3-D332-419B-90CA-1DA5F7139616}.Debug|Any CPU.ActiveCfg = Debug|Any CPU
		{C9BA76F3-D332-419B-90CA-1DA5F7139616}.Debug|Any CPU.Build.0 = Debug|Any CPU
		{C9BA76F3-D332-419B-90CA-1DA5F7139616}.Release|Any CPU.ActiveCfg = Release|Any CPU
		{C9BA76F3-D332-419B-90CA-1DA5F7139616}.Release|Any CPU.Build.0 = Release|Any CPU
	EndGlobalSection
	GlobalSection(SolutionProperties) = preSolution
		HideSolutionNode = FALSE
	EndGlobalSection
	GlobalSection(ExtensibilityGlobals) = postSolution
		SolutionGuid = {49D6C8E8-2E0C-4533-B47E-62DD9D8CA37B}
	EndGlobalSection
EndGlobal
